
Microsoft Visual Studio Solution File, Format Version 12.00
# Visual Studio Version 17
VisualStudioVersion = 17.11.35303.130
MinimumVisualStudioVersion = 10.0.40219.1
Project("{FAE04EC0-301F-11D3-BF4B-00C04F79EFBC}") = "Ejercicio2Listas", "Ejercicio2Listas\Ejercicio2Listas.csproj", "{09180811-864E-47AB-BF18-C7E7582C519A}"
EndProject
Global
	GlobalSection(SolutionConfigurationPlatforms) = preSolution
		Debug|Any CPU = Debug|Any CPU
		Release|Any CPU = Release|Any CPU
	EndGlobalSection
	GlobalSection(ProjectConfigurationPlatforms) = postSolution
		{09180811-864E-47AB-BF18-C7E7582C519A}.Debug|Any CPU.ActiveCfg = Debug|Any CPU
		{09180811-864E-47AB-BF18-C7E7582C519A}.Debug|Any CPU.Build.0 = Debug|Any CPU
		{09180811-864E-47AB-BF18-C7E7582C519A}.Release|Any CPU.ActiveCfg = Release|Any CPU
		{09180811-864E-47AB-BF18-C7E7582C519A}.Release|Any CPU.Build.0 = Release|Any CPU
	EndGlobalSection
	GlobalSection(SolutionProperties) = preSolution
		HideSolutionNode = FALSE
	EndGlobalSection
	GlobalSection(ExtensibilityGlobals) = postSolution
		SolutionGuid = {8DBF8F2C-671B-484B-890C-75FFE6F1881A}
	EndGlobalSection
EndGlobal
